
Microsoft Visual Studio Solution File, Format Version 12.00
# Visual Studio Version 17
VisualStudioVersion = 17.0.31903.59
MinimumVisualStudioVersion = 10.0.40219.1
Project("{2150E333-8FDC-42A3-9474-1A3956D46DE8}") = "src", "src", "{827E0CD3-B72D-47B6-A68D-7590B98EB39B}"
EndProject
Project("{2150E333-8FDC-42A3-9474-1A3956D46DE8}") = "Core", "Core", "{8D626EA8-CB54-BC41-363A-217881BEBA6E}"
EndProject
Project("{FAE04EC0-301F-11D3-BF4B-00C04F79EFBC}") = "TimeEngine.Core", "src\Core\TimeEngine.Core.csproj", "{8AC1FFEE-4CF9-4069-A163-E7D6964A536B}"
EndProject
Project("{2150E333-8FDC-42A3-9474-1A3956D46DE8}") = "Infrastructure", "Infrastructure", "{9048EB7F-3875-A59E-E36B-5BD4C6F2A282}"
EndProject
Project("{FAE04EC0-301F-11D3-BF4B-00C04F79EFBC}") = "TimeEngine.Infrastructure", "src\Infrastructure\TimeEngine.Infrastructure.csproj", "{FEF4BFB6-DD88-4152-9135-13CB019FCCEA}"
EndProject
Project("{2150E333-8FDC-42A3-9474-1A3956D46DE8}") = "Api", "Api", "{81034408-37C8-1011-444E-4C15C2FADA8E}"
EndProject
Project("{FAE04EC0-301F-11D3-BF4B-00C04F79EFBC}") = "TimeEngine.Api", "src\Api\TimeEngine.Api.csproj", "{E9C784B7-9048-421F-9C8E-B68E97C2D136}"
EndProject
Project("{2150E333-8FDC-42A3-9474-1A3956D46DE8}") = "Modules", "Modules", "{EC447DCF-ABFA-6E24-52A5-D7FD48A5C558}"
EndProject
Project("{2150E333-8FDC-42A3-9474-1A3956D46DE8}") = "Users", "Users", "{A26F344D-182E-CE53-AD51-2154946AC6F3}"
EndProject
Project("{FAE04EC0-301F-11D3-BF4B-00C04F79EFBC}") = "TimeEngine.Users", "src\Modules\Users\TimeEngine.Users.csproj", "{217ECC03-29E8-4EFE-A4F3-4DB8DD98ACB8}"
EndProject
Project("{2150E333-8FDC-42A3-9474-1A3956D46DE8}") = "Tasks", "Tasks", "{4C6BDAE4-8D09-3162-71E4-914813D2EA71}"
EndProject
Project("{FAE04EC0-301F-11D3-BF4B-00C04F79EFBC}") = "TimeEngine.Tasks", "src\Modules\Tasks\TimeEngine.Tasks.csproj", "{38D2DB8C-4100-43AF-82FB-CB5F1FECB1A2}"
EndProject
Project("{2150E333-8FDC-42A3-9474-1A3956D46DE8}") = "GitHubIntegration", "GitHubIntegration", "{DCA390CB-7F4E-F2F8-6E23-A8865F35A4F5}"
EndProject
Project("{FAE04EC0-301F-11D3-BF4B-00C04F79EFBC}") = "TimeEngine.GitHubIntegration", "src\Modules\GitHubIntegration\TimeEngine.GitHubIntegration.csproj", "{74F8986B-FB99-4890-990E-28943346865C}"
EndProject
Project("{2150E333-8FDC-42A3-9474-1A3956D46DE8}") = "tests", "tests", "{0AB3BF05-4346-4AA6-1389-037BE0695223}"
EndProject
Project("{FAE04EC0-301F-11D3-BF4B-00C04F79EFBC}") = "TimeEngine.Tests", "tests\TimeEngine.Tests.csproj", "{D809487E-294F-4EE7-B58D-3BC72D883442}"
EndProject
Global
	GlobalSection(SolutionConfigurationPlatforms) = preSolution
		Debug|Any CPU = Debug|Any CPU
		Debug|x64 = Debug|x64
		Debug|x86 = Debug|x86
		Release|Any CPU = Release|Any CPU
		Release|x64 = Release|x64
		Release|x86 = Release|x86
	EndGlobalSection
	GlobalSection(ProjectConfigurationPlatforms) = postSolution
		{8AC1FFEE-4CF9-4069-A163-E7D6964A536B}.Debug|Any CPU.ActiveCfg = Debug|Any CPU
		{8AC1FFEE-4CF9-4069-A163-E7D6964A536B}.Debug|Any CPU.Build.0 = Debug|Any CPU
		{8AC1FFEE-4CF9-4069-A163-E7D6964A536B}.Debug|x64.ActiveCfg = Debug|Any CPU
		{8AC1FFEE-4CF9-4069-A163-E7D6964A536B}.Debug|x64.Build.0 = Debug|Any CPU
		{8AC1FFEE-4CF9-4069-A163-E7D6964A536B}.Debug|x86.ActiveCfg = Debug|Any CPU
		{8AC1FFEE-4CF9-4069-A163-E7D6964A536B}.Debug|x86.Build.0 = Debug|Any CPU
		{8AC1FFEE-4CF9-4069-A163-E7D6964A536B}.Release|Any CPU.ActiveCfg = Release|Any CPU
		{8AC1FFEE-4CF9-4069-A163-E7D6964A536B}.Release|Any CPU.Build.0 = Release|Any CPU
		{8AC1FFEE-4CF9-4069-A163-E7D6964A536B}.Release|x64.ActiveCfg = Release|Any CPU
		{8AC1FFEE-4CF9-4069-A163-E7D6964A536B}.Release|x64.Build.0 = Release|Any CPU
		{8AC1FFEE-4CF9-4069-A163-E7D6964A536B}.Release|x86.ActiveCfg = Release|Any CPU
		{8AC1FFEE-4CF9-4069-A163-E7D6964A536B}.Release|x86.Build.0 = Release|Any CPU
		{FEF4BFB6-DD88-4152-9135-13CB019FCCEA}.Debug|Any CPU.ActiveCfg = Debug|Any CPU
		{FEF4BFB6-DD88-4152-9135-13CB019FCCEA}.Debug|Any CPU.Build.0 = Debug|Any CPU
		{FEF4BFB6-DD88-4152-9135-13CB019FCCEA}.Debug|x64.ActiveCfg = Debug|Any CPU
		{FEF4BFB6-DD88-4152-9135-13CB019FCCEA}.Debug|x64.Build.0 = Debug|Any CPU
		{FEF4BFB6-DD88-4152-9135-13CB019FCCEA}.Debug|x86.ActiveCfg = Debug|Any CPU
		{FEF4BFB6-DD88-4152-9135-13CB019FCCEA}.Debug|x86.Build.0 = Debug|Any CPU
		{FEF4BFB6-DD88-4152-9135-13CB019FCCEA}.Release|Any CPU.ActiveCfg = Release|Any CPU
		{FEF4BFB6-DD88-4152-9135-13CB019FCCEA}.Release|Any CPU.Build.0 = Release|Any CPU
		{FEF4BFB6-DD88-4152-9135-13CB019FCCEA}.Release|x64.ActiveCfg = Release|Any CPU
		{FEF4BFB6-DD88-4152-9135-13CB019FCCEA}.Release|x64.Build.0 = Release|Any CPU
		{FEF4BFB6-DD88-4152-9135-13CB019FCCEA}.Release|x86.ActiveCfg = Release|Any CPU
		{FEF4BFB6-DD88-4152-9135-13CB019FCCEA}.Release|x86.Build.0 = Release|Any CPU
		{E9C784B7-9048-421F-9C8E-B68E97C2D136}.Debug|Any CPU.ActiveCfg = Debug|Any CPU
		{E9C784B7-9048-421F-9C8E-B68E97C2D136}.Debug|Any CPU.Build.0 = Debug|Any CPU
		{E9C784B7-9048-421F-9C8E-B68E97C2D136}.Debug|x64.ActiveCfg = Debug|Any CPU
		{E9C784B7-9048-421F-9C8E-B68E97C2D136}.Debug|x64.Build.0 = Debug|Any CPU
		{E9C784B7-9048-421F-9C8E-B68E97C2D136}.Debug|x86.ActiveCfg = Debug|Any CPU
		{E9C784B7-9048-421F-9C8E-B68E97C2D136}.Debug|x86.Build.0 = Debug|Any CPU
		{E9C784B7-9048-421F-9C8E-B68E97C2D136}.Release|Any CPU.ActiveCfg = Release|Any CPU
		{E9C784B7-9048-421F-9C8E-B68E97C2D136}.Release|Any CPU.Build.0 = Release|Any CPU
		{E9C784B7-9048-421F-9C8E-B68E97C2D136}.Release|x64.ActiveCfg = Release|Any CPU
		{E9C784B7-9048-421F-9C8E-B68E97C2D136}.Release|x64.Build.0 = Release|Any CPU
		{E9C784B7-9048-421F-9C8E-B68E97C2D136}.Release|x86.ActiveCfg = Release|Any CPU
		{E9C784B7-9048-421F-9C8E-B68E97C2D136}.Release|x86.Build.0 = Release|Any CPU
		{217ECC03-29E8-4EFE-A4F3-4DB8DD98ACB8}.Debug|Any CPU.ActiveCfg = Debug|Any CPU
		{217ECC03-29E8-4EFE-A4F3-4DB8DD98ACB8}.Debug|Any CPU.Build.0 = Debug|Any CPU
		{217ECC03-29E8-4EFE-A4F3-4DB8DD98ACB8}.Debug|x64.ActiveCfg = Debug|Any CPU
		{217ECC03-29E8-4EFE-A4F3-4DB8DD98ACB8}.Debug|x64.Build.0 = Debug|Any CPU
		{217ECC03-29E8-4EFE-A4F3-4DB8DD98ACB8}.Debug|x86.ActiveCfg = Debug|Any CPU
		{217ECC03-29E8-4EFE-A4F3-4DB8DD98ACB8}.Debug|x86.Build.0 = Debug|Any CPU
		{217ECC03-29E8-4EFE-A4F3-4DB8DD98ACB8}.Release|Any CPU.ActiveCfg = Release|Any CPU
		{217ECC03-29E8-4EFE-A4F3-4DB8DD98ACB8}.Release|Any CPU.Build.0 = Release|Any CPU
		{217ECC03-29E8-4EFE-A4F3-4DB8DD98ACB8}.Release|x64.ActiveCfg = Release|Any CPU
		{217ECC03-29E8-4EFE-A4F3-4DB8DD98ACB8}.Release|x64.Build.0 = Release|Any CPU
		{217ECC03-29E8-4EFE-A4F3-4DB8DD98ACB8}.Release|x86.ActiveCfg = Release|Any CPU
		{217ECC03-29E8-4EFE-A4F3-4DB8DD98ACB8}.Release|x86.Build.0 = Release|Any CPU
		{38D2DB8C-4100-43AF-82FB-CB5F1FECB1A2}.Debug|Any CPU.ActiveCfg = Debug|Any CPU
		{38D2DB8C-4100-43AF-82FB-CB5F1FECB1A2}.Debug|Any CPU.Build.0 = Debug|Any CPU
		{38D2DB8C-4100-43AF-82FB-CB5F1FECB1A2}.Debug|x64.ActiveCfg = Debug|Any CPU
		{38D2DB8C-4100-43AF-82FB-CB5F1FECB1A2}.Debug|x64.Build.0 = Debug|Any CPU
		{38D2DB8C-4100-43AF-82FB-CB5F1FECB1A2}.Debug|x86.ActiveCfg = Debug|Any CPU
		{38D2DB8C-4100-43AF-82FB-CB5F1FECB1A2}.Debug|x86.Build.0 = Debug|Any CPU
		{38D2DB8C-4100-43AF-82FB-CB5F1FECB1A2}.Release|Any CPU.ActiveCfg = Release|Any CPU
		{38D2DB8C-4100-43AF-82FB-CB5F1FECB1A2}.Release|Any CPU.Build.0 = Release|Any CPU
		{38D2DB8C-4100-43AF-82FB-CB5F1FECB1A2}.Release|x64.ActiveCfg = Release|Any CPU
		{38D2DB8C-4100-43AF-82FB-CB5F1FECB1A2}.Release|x64.Build.0 = Release|Any CPU
		{38D2DB8C-4100-43AF-82FB-CB5F1FECB1A2}.Release|x86.ActiveCfg = Release|Any CPU
		{38D2DB8C-4100-43AF-82FB-CB5F1FECB1A2}.Release|x86.Build.0 = Release|Any CPU
		{74F8986B-FB99-4890-990E-28943346865C}.Debug|Any CPU.ActiveCfg = Debug|Any CPU
		{74F8986B-FB99-4890-990E-28943346865C}.Debug|Any CPU.Build.0 = Debug|Any CPU
		{74F8986B-FB99-4890-990E-28943346865C}.Debug|x64.ActiveCfg = Debug|Any CPU
		{74F8986B-FB99-4890-990E-28943346865C}.Debug|x64.Build.0 = Debug|Any CPU
		{74F8986B-FB99-4890-990E-28943346865C}.Debug|x86.ActiveCfg = Debug|Any CPU
		{74F8986B-FB99-4890-990E-28943346865C}.Debug|x86.Build.0 = Debug|Any CPU
		{74F8986B-FB99-4890-990E-28943346865C}.Release|Any CPU.ActiveCfg = Release|Any CPU
		{74F8986B-FB99-4890-990E-28943346865C}.Release|Any CPU.Build.0 = Release|Any CPU
		{74F8986B-FB99-4890-990E-28943346865C}.Release|x64.ActiveCfg = Release|Any CPU
		{74F8986B-FB99-4890-990E-28943346865C}.Release|x64.Build.0 = Release|Any CPU
		{74F8986B-FB99-4890-990E-28943346865C}.Release|x86.ActiveCfg = Release|Any CPU
		{74F8986B-FB99-4890-990E-28943346865C}.Release|x86.Build.0 = Release|Any CPU
		{D809487E-294F-4EE7-B58D-3BC72D883442}.Debug|Any CPU.ActiveCfg = Debug|Any CPU
		{D809487E-294F-4EE7-B58D-3BC72D883442}.Debug|Any CPU.Build.0 = Debug|Any CPU
		{D809487E-294F-4EE7-B58D-3BC72D883442}.Debug|x64.ActiveCfg = Debug|Any CPU
		{D809487E-294F-4EE7-B58D-3BC72D883442}.Debug|x64.Build.0 = Debug|Any CPU
		{D809487E-294F-4EE7-B58D-3BC72D883442}.Debug|x86.ActiveCfg = Debug|Any CPU
		{D809487E-294F-4EE7-B58D-3BC72D883442}.Debug|x86.Build.0 = Debug|Any CPU
		{D809487E-294F-4EE7-B58D-3BC72D883442}.Release|Any CPU.ActiveCfg = Release|Any CPU
		{D809487E-294F-4EE7-B58D-3BC72D883442}.Release|Any CPU.Build.0 = Release|Any CPU
		{D809487E-294F-4EE7-B58D-3BC72D883442}.Release|x64.ActiveCfg = Release|Any CPU
		{D809487E-294F-4EE7-B58D-3BC72D883442}.Release|x64.Build.0 = Release|Any CPU
		{D809487E-294F-4EE7-B58D-3BC72D883442}.Release|x86.ActiveCfg = Release|Any CPU
		{D809487E-294F-4EE7-B58D-3BC72D883442}.Release|x86.Build.0 = Release|Any CPU
	EndGlobalSection
	GlobalSection(SolutionProperties) = preSolution
		HideSolutionNode = FALSE
	EndGlobalSection
	GlobalSection(NestedProjects) = preSolution
		{8D626EA8-CB54-BC41-363A-217881BEBA6E} = {827E0CD3-B72D-47B6-A68D-7590B98EB39B}
		{8AC1FFEE-4CF9-4069-A163-E7D6964A536B} = {8D626EA8-CB54-BC41-363A-217881BEBA6E}
		{9048EB7F-3875-A59E-E36B-5BD4C6F2A282} = {827E0CD3-B72D-47B6-A68D-7590B98EB39B}
		{FEF4BFB6-DD88-4152-9135-13CB019FCCEA} = {9048EB7F-3875-A59E-E36B-5BD4C6F2A282}
		{81034408-37C8-1011-444E-4C15C2FADA8E} = {827E0CD3-B72D-47B6-A68D-7590B98EB39B}
		{E9C784B7-9048-421F-9C8E-B68E97C2D136} = {81034408-37C8-1011-444E-4C15C2FADA8E}
		{EC447DCF-ABFA-6E24-52A5-D7FD48A5C558} = {827E0CD3-B72D-47B6-A68D-7590B98EB39B}
		{A26F344D-182E-CE53-AD51-2154946AC6F3} = {EC447DCF-ABFA-6E24-52A5-D7FD48A5C558}
		{217ECC03-29E8-4EFE-A4F3-4DB8DD98ACB8} = {A26F344D-182E-CE53-AD51-2154946AC6F3}
		{4C6BDAE4-8D09-3162-71E4-914813D2EA71} = {EC447DCF-ABFA-6E24-52A5-D7FD48A5C558}
		{38D2DB8C-4100-43AF-82FB-CB5F1FECB1A2} = {4C6BDAE4-8D09-3162-71E4-914813D2EA71}
		{DCA390CB-7F4E-F2F8-6E23-A8865F35A4F5} = {EC447DCF-ABFA-6E24-52A5-D7FD48A5C558}
		{74F8986B-FB99-4890-990E-28943346865C} = {DCA390CB-7F4E-F2F8-6E23-A8865F35A4F5}
		{D809487E-294F-4EE7-B58D-3BC72D883442} = {0AB3BF05-4346-4AA6-1389-037BE0695223}
	EndGlobalSection
EndGlobal
